{
  "name": "bainultra-n8n",
  "lockfileVersion": 3,
  "requires": true,
  "packages": {
    "": {
      "name": "bainultra-n8n",
      "dependencies": {
        "@hono/node-server": "^1.19.6",
        "hono": "^4.10.8",
        "jsonc-parser": "^3.3.1"
      }
    },
    "node_modules/@hono/node-server": {
      "version": "1.19.7",
      "resolved": "https://registry.npmjs.org/@hono/node-server/-/node-server-1.19.7.tgz",
      "integrity": "sha512-vUcD0uauS7EU2caukW8z5lJKtoGMokxNbJtBiwHgpqxEXokaHCBkQUmCHhjFB1VUTWdqj25QoMkMKzgjq+uhrw==",
      "license": "MIT",
      "engines": {
        "node": ">=18.14.1"
      },
      "peerDependencies": {
        "hono": "^4"
      }
    },
    "node_modules/hono": {
      "version": "4.10.8",
      "resolved": "https://registry.npmjs.org/hono/-/hono-4.10.8.tgz",
      "integrity": "sha512-DDT0A0r6wzhe8zCGoYOmMeuGu3dyTAE40HHjwUsWFTEy5WxK1x2WDSsBPlEXgPbRIFY6miDualuUDbasPogIww==",
      "license": "MIT",
      "engines": {
        "node": ">=16.9.0"
      }
    },
    "node_modules/jsonc-parser": {
      "version": "3.3.1",
      "resolved": "https://registry.npmjs.org/jsonc-parser/-/jsonc-parser-3.3.1.tgz",
      "integrity": "sha512-HUgH65KyejrUFPvHFPbqOY0rsFip3Bo5wb4ngvdi1EpCYWUQDC5V+Y7mZws+DLkr4M//zQJoanu1SP+87Dv1oQ==",
      "license": "MIT"
    }
  }
}
